{
    "version": 3,
    "terraform_version": "0.8.7",
    "serial": 8,
    "lineage": "26bff39c-68c5-454c-b92e-41f9222f6f46",
    "modules": [
        {
            "path": [
                "root"
            ],
            "outputs": {
                "ip": {
                    "sensitive": false,
                    "type": "string",
                    "value": "54.154.63.69"
                }
            },
            "resources": {
                "aws_instance.rpm_repository": {
                    "type": "aws_instance",
                    "depends_on": [
                        "aws_key_pair.auth",
                        "aws_security_group.central",
                        "aws_subnet.central"
                    ],
                    "primary": {
                        "id": "i-07624ec969c24b123",
                        "attributes": {
                            "ami": "ami-f4634d92",
                            "associate_public_ip_address": "true",
                            "availability_zone": "eu-west-1c",
                            "disable_api_termination": "false",
                            "ebs_block_device.#": "0",
                            "ebs_optimized": "false",
                            "ephemeral_block_device.#": "0",
                            "iam_instance_profile": "",
                            "id": "i-07624ec969c24b123",
                            "instance_state": "running",
                            "instance_type": "t2.micro",
                            "key_name": "central",
                            "monitoring": "false",
                            "network_interface_id": "eni-9815b0e7",
                            "private_dns": "ip-10-0-1-88.eu-west-1.compute.internal",
                            "private_ip": "10.0.1.88",
                            "public_dns": "",
                            "public_ip": "54.154.63.69",
                            "root_block_device.#": "1",
                            "root_block_device.0.delete_on_termination": "false",
                            "root_block_device.0.iops": "0",
                            "root_block_device.0.volume_size": "8",
                            "root_block_device.0.volume_type": "standard",
                            "security_groups.#": "0",
                            "source_dest_check": "true",
                            "subnet_id": "subnet-95777df1",
                            "tags.%": "1",
                            "tags.Name": "central-rpm-repository",
                            "tenancy": "default",
                            "vpc_security_group_ids.#": "1",
                            "vpc_security_group_ids.891989264": "sg-60928d06"
                        },
                        "meta": {
                            "schema_version": "1"
                        },
                        "tainted": false
                    },
                    "deposed": [],
                    "provider": ""
                },
                "aws_internet_gateway.central": {
                    "type": "aws_internet_gateway",
                    "depends_on": [
                        "aws_vpc.central"
                    ],
                    "primary": {
                        "id": "igw-b865d7dc",
                        "attributes": {
                            "id": "igw-b865d7dc",
                            "tags.%": "0",
                            "vpc_id": "vpc-db8283bf"
                        },
                        "meta": {},
                        "tainted": false
                    },
                    "deposed": [],
                    "provider": ""
                },
                "aws_key_pair.auth": {
                    "type": "aws_key_pair",
                    "depends_on": [],
                    "primary": {
                        "id": "central",
                        "attributes": {
                            "fingerprint": "08:36:88:2c:b5:ef:63:7a:81:2f:57:90:07:0d:93:2c",
                            "id": "central",
                            "key_name": "central",
                            "public_key": "ssh-rsa AAAAB3NzaC1yc2EAAAADAQABAAABAQDYAu5W96/MVbbnoXE2JLmKZXvrF585EouES0augMCvgZNwkDqoFo11gY3lgkaSbECLZe5ys0xsbx96qPz1cugDo3My6FAOtnO63MLUxtI66JyIxNBZx2FIOHLQHskx5FZLNFgTesjFAtEEIlAg0h3TbjmD635vDfCrVeVOcim2mg8NYdvSqMcfmjYgF8lGJ85qS4h9ldwpzPkyQYigGb5bf90v6wlfq/Lv7BQwDzvgcO7OerTypjEwaPqAUl7SdZ9G5OhtvawU53zWVnEQWpqhQ/gPdIgF1S0q4KPEPqWJbLafR5ef43u1jy4Vbz4PU6+KTdMPNQsqCRf0L5UzKohT vagrant@ubuntu-1610"
                        },
                        "meta": {
                            "schema_version": "1"
                        },
                        "tainted": false
                    },
                    "deposed": [],
                    "provider": ""
                },
                "aws_route.internet_access": {
                    "type": "aws_route",
                    "depends_on": [
                        "aws_internet_gateway.central",
                        "aws_vpc.central"
                    ],
                    "primary": {
                        "id": "r-rtb-e671d4811080289494",
                        "attributes": {
                            "destination_cidr_block": "0.0.0.0/0",
                            "destination_prefix_list_id": "",
                            "gateway_id": "igw-b865d7dc",
                            "id": "r-rtb-e671d4811080289494",
                            "instance_id": "",
                            "instance_owner_id": "",
                            "nat_gateway_id": "",
                            "network_interface_id": "",
                            "origin": "CreateRoute",
                            "route_table_id": "rtb-e671d481",
                            "state": "active",
                            "vpc_peering_connection_id": ""
                        },
                        "meta": {},
                        "tainted": false
                    },
                    "deposed": [],
                    "provider": ""
                },
                "aws_security_group.central": {
                    "type": "aws_security_group",
                    "depends_on": [
                        "aws_vpc.central"
                    ],
                    "primary": {
                        "id": "sg-60928d06",
                        "attributes": {
                            "description": "Used in the terraform",
                            "egress.#": "1",
                            "egress.482069346.cidr_blocks.#": "1",
                            "egress.482069346.cidr_blocks.0": "0.0.0.0/0",
                            "egress.482069346.from_port": "0",
                            "egress.482069346.prefix_list_ids.#": "0",
                            "egress.482069346.protocol": "-1",
                            "egress.482069346.security_groups.#": "0",
                            "egress.482069346.self": "false",
                            "egress.482069346.to_port": "0",
                            "id": "sg-60928d06",
                            "ingress.#": "1",
                            "ingress.2541437006.cidr_blocks.#": "1",
                            "ingress.2541437006.cidr_blocks.0": "0.0.0.0/0",
                            "ingress.2541437006.from_port": "22",
                            "ingress.2541437006.protocol": "tcp",
                            "ingress.2541437006.security_groups.#": "0",
                            "ingress.2541437006.self": "false",
                            "ingress.2541437006.to_port": "22",
                            "name": "central",
                            "owner_id": "073934022795",
                            "tags.%": "0",
                            "vpc_id": "vpc-db8283bf"
                        },
                        "meta": {},
                        "tainted": false
                    },
                    "deposed": [],
                    "provider": ""
                },
                "aws_subnet.central": {
                    "type": "aws_subnet",
                    "depends_on": [
                        "aws_vpc.central"
                    ],
                    "primary": {
                        "id": "subnet-95777df1",
                        "attributes": {
                            "availability_zone": "eu-west-1c",
                            "cidr_block": "10.0.1.0/24",
                            "id": "subnet-95777df1",
                            "map_public_ip_on_launch": "true",
                            "tags.%": "0",
                            "vpc_id": "vpc-db8283bf"
                        },
                        "meta": {},
                        "tainted": false
                    },
                    "deposed": [],
                    "provider": ""
                },
                "aws_vpc.central": {
                    "type": "aws_vpc",
                    "depends_on": [],
                    "primary": {
                        "id": "vpc-db8283bf",
                        "attributes": {
                            "cidr_block": "10.0.0.0/16",
                            "default_network_acl_id": "acl-fa6ba89d",
                            "default_route_table_id": "rtb-e671d481",
                            "default_security_group_id": "sg-26938c40",
                            "dhcp_options_id": "dopt-c602aba2",
                            "enable_classiclink": "false",
                            "enable_dns_hostnames": "false",
                            "enable_dns_support": "true",
                            "id": "vpc-db8283bf",
                            "instance_tenancy": "default",
                            "main_route_table_id": "rtb-e671d481",
                            "tags.%": "0"
                        },
                        "meta": {},
                        "tainted": false
                    },
                    "deposed": [],
                    "provider": ""
                }
            },
            "depends_on": []
        }
    ]
}
