{
    "version": 3,
    "terraform_version": "0.8.7",
    "serial": 27,
    "lineage": "26bff39c-68c5-454c-b92e-41f9222f6f46",
    "modules": [
        {
            "path": [
                "root"
            ],
            "outputs": {
                "instance_id": {
                    "sensitive": false,
                    "type": "string",
                    "value": "i-05b4918d137407929"
                },
                "ip": {
                    "sensitive": false,
                    "type": "string",
                    "value": "54.194.95.144"
                }
            },
            "resources": {
                "aws_instance.rpm_repository": {
                    "type": "aws_instance",
                    "depends_on": [
                        "aws_key_pair.auth",
                        "aws_security_group.central",
                        "aws_subnet.central"
                    ],
                    "primary": {
                        "id": "i-05b4918d137407929",
                        "attributes": {
                            "ami": "ami-f4634d92",
                            "associate_public_ip_address": "true",
                            "availability_zone": "eu-west-1a",
                            "disable_api_termination": "false",
                            "ebs_block_device.#": "0",
                            "ebs_optimized": "false",
                            "ephemeral_block_device.#": "0",
                            "iam_instance_profile": "",
                            "id": "i-05b4918d137407929",
                            "instance_state": "running",
                            "instance_type": "t2.micro",
                            "key_name": "central",
                            "monitoring": "false",
                            "network_interface_id": "eni-d4616195",
                            "private_dns": "ip-10-0-1-218.eu-west-1.compute.internal",
                            "private_ip": "10.0.1.218",
                            "public_dns": "",
                            "public_ip": "54.194.95.144",
                            "root_block_device.#": "1",
                            "root_block_device.0.delete_on_termination": "false",
                            "root_block_device.0.iops": "0",
                            "root_block_device.0.volume_size": "8",
                            "root_block_device.0.volume_type": "standard",
                            "security_groups.#": "0",
                            "source_dest_check": "true",
                            "subnet_id": "subnet-fa9f948c",
                            "tags.%": "1",
                            "tags.Name": "central-rpm-repository",
                            "tenancy": "default",
                            "vpc_security_group_ids.#": "1",
                            "vpc_security_group_ids.3788208259": "sg-62fce404"
                        },
                        "meta": {
                            "schema_version": "1"
                        },
                        "tainted": false
                    },
                    "deposed": [],
                    "provider": ""
                },
                "aws_internet_gateway.central": {
                    "type": "aws_internet_gateway",
                    "depends_on": [
                        "aws_vpc.central"
                    ],
                    "primary": {
                        "id": "igw-8777cae3",
                        "attributes": {
                            "id": "igw-8777cae3",
                            "vpc_id": "vpc-caa8a8ae"
                        },
                        "meta": {},
                        "tainted": false
                    },
                    "deposed": [],
                    "provider": ""
                },
                "aws_key_pair.auth": {
                    "type": "aws_key_pair",
                    "depends_on": [],
                    "primary": {
                        "id": "central",
                        "attributes": {
                            "id": "central",
                            "key_name": "central",
                            "public_key": "ssh-rsa AAAAB3NzaC1yc2EAAAADAQABAAABAQDYJIrMMkAhKTN0sovtNnqliE5NtlFKebX2ikp9fBCQMel3C2tChaTkATrIdVSm8XYnuMzduNUi/eJUYqutnCCcGJnuU2RblGPcrcMVmMmHWwwqPzsMhEix7t9ocxkSvPsK55RANwuS63uZEfiHXB8FLiRDUVs2NE0jO2aNE1u9oJLzZSa2NtPPBJMZovmOx9qN3RKToP1O+ohR2bLVw6sVfq15bHjpZxKU4vpYgcxReA8mGwaeBJpHIEauJDWvsYD/Egbmj0SZhhXGnVXysJRG9SCthVNrV34Fe3uFhW3hvtaay75BFlKHjV7YEl61wQnFSxhFMQRX5WJi+6Bp9ZTz vagrant@vagrant-ubuntu-trusty-64"
                        },
                        "meta": {
                            "schema_version": "1"
                        },
                        "tainted": false
                    },
                    "deposed": [],
                    "provider": ""
                },
                "aws_route.internet_access": {
                    "type": "aws_route",
                    "depends_on": [
                        "aws_internet_gateway.central",
                        "aws_vpc.central"
                    ],
                    "primary": {
                        "id": "r-rtb-a611b5c11080289494",
                        "attributes": {
                            "destination_cidr_block": "0.0.0.0/0",
                            "destination_prefix_list_id": "",
                            "gateway_id": "igw-8777cae3",
                            "id": "r-rtb-a611b5c11080289494",
                            "instance_id": "",
                            "instance_owner_id": "",
                            "nat_gateway_id": "",
                            "network_interface_id": "",
                            "origin": "CreateRoute",
                            "route_table_id": "rtb-a611b5c1",
                            "state": "active",
                            "vpc_peering_connection_id": ""
                        },
                        "meta": {},
                        "tainted": false
                    },
                    "deposed": [],
                    "provider": ""
                },
                "aws_security_group.central": {
                    "type": "aws_security_group",
                    "depends_on": [
                        "aws_vpc.central"
                    ],
                    "primary": {
                        "id": "sg-62fce404",
                        "attributes": {
                            "description": "Used in the terraform",
                            "egress.#": "1",
                            "egress.482069346.cidr_blocks.#": "1",
                            "egress.482069346.cidr_blocks.0": "0.0.0.0/0",
                            "egress.482069346.from_port": "0",
                            "egress.482069346.prefix_list_ids.#": "0",
                            "egress.482069346.protocol": "-1",
                            "egress.482069346.security_groups.#": "0",
                            "egress.482069346.self": "false",
                            "egress.482069346.to_port": "0",
                            "id": "sg-62fce404",
                            "ingress.#": "2",
                            "ingress.1734363866.cidr_blocks.#": "1",
                            "ingress.1734363866.cidr_blocks.0": "0.0.0.0/0",
                            "ingress.1734363866.from_port": "8081",
                            "ingress.1734363866.protocol": "tcp",
                            "ingress.1734363866.security_groups.#": "0",
                            "ingress.1734363866.self": "false",
                            "ingress.1734363866.to_port": "8081",
                            "ingress.2541437006.cidr_blocks.#": "1",
                            "ingress.2541437006.cidr_blocks.0": "0.0.0.0/0",
                            "ingress.2541437006.from_port": "22",
                            "ingress.2541437006.protocol": "tcp",
                            "ingress.2541437006.security_groups.#": "0",
                            "ingress.2541437006.self": "false",
                            "ingress.2541437006.to_port": "22",
                            "name": "central",
                            "owner_id": "073934022795",
                            "tags.%": "0",
                            "vpc_id": "vpc-caa8a8ae"
                        },
                        "meta": {},
                        "tainted": false
                    },
                    "deposed": [],
                    "provider": ""
                },
                "aws_subnet.central": {
                    "type": "aws_subnet",
                    "depends_on": [
                        "aws_vpc.central"
                    ],
                    "primary": {
                        "id": "subnet-fa9f948c",
                        "attributes": {
                            "availability_zone": "eu-west-1a",
                            "cidr_block": "10.0.1.0/24",
                            "id": "subnet-fa9f948c",
                            "map_public_ip_on_launch": "true",
                            "tags.%": "0",
                            "vpc_id": "vpc-caa8a8ae"
                        },
                        "meta": {},
                        "tainted": false
                    },
                    "deposed": [],
                    "provider": ""
                },
                "aws_vpc.central": {
                    "type": "aws_vpc",
                    "depends_on": [],
                    "primary": {
                        "id": "vpc-caa8a8ae",
                        "attributes": {
                            "cidr_block": "10.0.0.0/16",
                            "default_network_acl_id": "acl-87a06de0",
                            "default_route_table_id": "rtb-a611b5c1",
                            "default_security_group_id": "sg-67fce401",
                            "dhcp_options_id": "dopt-c602aba2",
                            "enable_classiclink": "false",
                            "enable_dns_hostnames": "false",
                            "enable_dns_support": "true",
                            "id": "vpc-caa8a8ae",
                            "instance_tenancy": "default",
                            "main_route_table_id": "rtb-a611b5c1",
                            "tags.%": "0"
                        },
                        "meta": {},
                        "tainted": false
                    },
                    "deposed": [],
                    "provider": ""
                }
            },
            "depends_on": []
        }
    ]
}
